
Microsoft Visual Studio Solution File, Format Version 12.00
# Visual Studio Version 17
VisualStudioVersion = 17.11.35219.272
MinimumVisualStudioVersion = 10.0.40219.1
Project("{9A19103F-16F7-4668-BE54-9A1E7A4F7556}") = "PrøveFagprøve", "PrøveFagprøve.csproj", "{883D04C3-8F77-4A03-B79F-4194DF78D0E7}"
EndProject
Global
	GlobalSection(SolutionConfigurationPlatforms) = preSolution
		Debug|Any CPU = Debug|Any CPU
		Release|Any CPU = Release|Any CPU
	EndGlobalSection
	GlobalSection(ProjectConfigurationPlatforms) = postSolution
		{883D04C3-8F77-4A03-B79F-4194DF78D0E7}.Debug|Any CPU.ActiveCfg = Debug|Any CPU
		{883D04C3-8F77-4A03-B79F-4194DF78D0E7}.Debug|Any CPU.Build.0 = Debug|Any CPU
		{883D04C3-8F77-4A03-B79F-4194DF78D0E7}.Release|Any CPU.ActiveCfg = Release|Any CPU
		{883D04C3-8F77-4A03-B79F-4194DF78D0E7}.Release|Any CPU.Build.0 = Release|Any CPU
	EndGlobalSection
	GlobalSection(SolutionProperties) = preSolution
		HideSolutionNode = FALSE
	EndGlobalSection
	GlobalSection(ExtensibilityGlobals) = postSolution
		SolutionGuid = {B197BA9A-FFE6-4085-BC1C-63AAC33F889C}
	EndGlobalSection
EndGlobal
